
Microsoft Visual Studio Solution File, Format Version 12.00
# Visual Studio Version 16
VisualStudioVersion = 16.0.31019.35
MinimumVisualStudioVersion = 10.0.40219.1
Project("{9A19103F-16F7-4668-BE54-9A1E7A4F7556}") = "TourPlanner", "TourPlanner\TourPlanner.csproj", "{4611A502-A142-4FC9-A748-A2387F7B9BDE}"
EndProject
Global
	GlobalSection(SolutionConfigurationPlatforms) = preSolution
		Debug|Any CPU = Debug|Any CPU
		Release|Any CPU = Release|Any CPU
	EndGlobalSection
	GlobalSection(ProjectConfigurationPlatforms) = postSolution
		{4611A502-A142-4FC9-A748-A2387F7B9BDE}.Debug|Any CPU.ActiveCfg = Debug|Any CPU
		{4611A502-A142-4FC9-A748-A2387F7B9BDE}.Debug|Any CPU.Build.0 = Debug|Any CPU
		{4611A502-A142-4FC9-A748-A2387F7B9BDE}.Release|Any CPU.ActiveCfg = Release|Any CPU
		{4611A502-A142-4FC9-A748-A2387F7B9BDE}.Release|Any CPU.Build.0 = Release|Any CPU
	EndGlobalSection
	GlobalSection(SolutionProperties) = preSolution
		HideSolutionNode = FALSE
	EndGlobalSection
	GlobalSection(ExtensibilityGlobals) = postSolution
		SolutionGuid = {CACDB55E-A5E3-4683-8624-63B86B39D6CA}
	EndGlobalSection
EndGlobal
